// !$*UTF8*$!
{
	archiveVersion = 1;
	classes = {
	};
	objectVersion = 46;
	objects = {

/* Begin PBXBuildFile section */
		18801B701D9D462E003D0712 /* main.m in Sources */ = {isa = PBXBuildFile; fileRef = 18801B6F1D9D462E003D0712 /* main.m */; };
		18801B731D9D462E003D0712 /* AppDelegate.m in Sources */ = {isa = PBXBuildFile; fileRef = 18801B721D9D462E003D0712 /* AppDelegate.m */; };
		18801B761D9D462E003D0712 /* ViewController.m in Sources */ = {isa = PBXBuildFile; fileRef = 18801B751D9D462E003D0712 /* ViewController.m */; };
		18801B791D9D462E003D0712 /* Main.storyboard in Resources */ = {isa = PBXBuildFile; fileRef = 18801B771D9D462E003D0712 /* Main.storyboard */; };
		18801B7B1D9D462E003D0712 /* Assets.xcassets in Resources */ = {isa = PBXBuildFile; fileRef = 18801B7A1D9D462E003D0712 /* Assets.xcassets */; };
		18801B7E1D9D462E003D0712 /* LaunchScreen.storyboard in Resources */ = {isa = PBXBuildFile; fileRef = 18801B7C1D9D462E003D0712 /* LaunchScreen.storyboard */; };
		18801B891D9D462E003D0712 /* AGPTests.m in Sources */ = {isa = PBXBuildFile; fileRef = 18801B881D9D462E003D0712 /* AGPTests.m */; };
		18801B941D9D462E003D0712 /* AGPUITests.m in Sources */ = {isa = PBXBuildFile; fileRef = 18801B931D9D462E003D0712 /* AGPUITests.m */; };
		9AD85A2481AD7EC23263C51F /* libPods-AGP.a in Frameworks */ = {isa = PBXBuildFile; fileRef = F84114CFA201EFB03CF01E4D /* libPods-AGP.a */; };
/* End PBXBuildFile section */

/* Begin PBXContainerItemProxy section */
		18801B851D9D462E003D0712 /* PBXContainerItemProxy */ = {
			isa = PBXContainerItemProxy;
			containerPortal = 18801B631D9D462E003D0712 /* Project object */;
			proxyType = 1;
			remoteGlobalIDString = 18801B6A1D9D462E003D0712;
			remoteInfo = AGP;
		};
		18801B901D9D462E003D0712 /* PBXContainerItemProxy */ = {
			isa = PBXContainerItemProxy;
			containerPortal = 18801B631D9D462E003D0712 /* Project object */;
			proxyType = 1;
			remoteGlobalIDString = 18801B6A1D9D462E003D0712;
			remoteInfo = AGP;
		};
/* End PBXContainerItemProxy section */

/* Begin PBXFileReference section */
		183D430FF9FE958EC14004FB /* Pods-AGP.debug.xcconfig */ = {isa = PBXFileReference; includeInIndex = 1; lastKnownFileType = text.xcconfig; name = "Pods-AGP.debug.xcconfig"; path = "Pods/Target Support Files/Pods-AGP/Pods-AGP.debug.xcconfig"; sourceTree = "<group>"; };
		18801B6B1D9D462E003D0712 /* AGP.app */ = {isa = PBXFileReference; explicitFileType = wrapper.application; includeInIndex = 0; path = AGP.app; sourceTree = BUILT_PRODUCTS_DIR; };
		18801B6F1D9D462E003D0712 /* main.m */ = {isa = PBXFileReference; lastKnownFileType = sourcecode.c.objc; path = main.m; sourceTree = "<group>"; };
		18801B711D9D462E003D0712 /* AppDelegate.h */ = {isa = PBXFileReference; lastKnownFileType = sourcecode.c.h; path = AppDelegate.h; sourceTree = "<group>"; };
		18801B721D9D462E003D0712 /* AppDelegate.m */ = {isa = PBXFileReference; lastKnownFileType = sourcecode.c.objc; path = AppDelegate.m; sourceTree = "<group>"; };
		18801B741D9D462E003D0712 /* ViewController.h */ = {isa = PBXFileReference; lastKnownFileType = sourcecode.c.h; path = ViewController.h; sourceTree = "<group>"; };
		18801B751D9D462E003D0712 /* ViewController.m */ = {isa = PBXFileReference; lastKnownFileType = sourcecode.c.objc; path = ViewController.m; sourceTree = "<group>"; };
		18801B781D9D462E003D0712 /* Base */ = {isa = PBXFileReference; lastKnownFileType = file.storyboard; name = Base; path = Base.lproj/Main.storyboard; sourceTree = "<group>"; };
		18801B7A1D9D462E003D0712 /* Assets.xcassets */ = {isa = PBXFileReference; lastKnownFileType = folder.assetcatalog; path = Assets.xcassets; sourceTree = "<group>"; };
		18801B7D1D9D462E003D0712 /* Base */ = {isa = PBXFileReference; lastKnownFileType = file.storyboard; name = Base; path = Base.lproj/LaunchScreen.storyboard; sourceTree = "<group>"; };
		18801B7F1D9D462E003D0712 /* Info.plist */ = {isa = PBXFileReference; lastKnownFileType = text.plist.xml; path = Info.plist; sourceTree = "<group>"; };
		18801B841D9D462E003D0712 /* AGPTests.xctest */ = {isa = PBXFileReference; explicitFileType = wrapper.cfbundle; includeInIndex = 0; path = AGPTests.xctest; sourceTree = BUILT_PRODUCTS_DIR; };
		18801B881D9D462E003D0712 /* AGPTests.m */ = {isa = PBXFileReference; lastKnownFileType = sourcecode.c.objc; path = AGPTests.m; sourceTree = "<group>"; };
		18801B8A1D9D462E003D0712 /* Info.plist */ = {isa = PBXFileReference; lastKnownFileType = text.plist.xml; path = Info.plist; sourceTree = "<group>"; };
		18801B8F1D9D462E003D0712 /* AGPUITests.xctest */ = {isa = PBXFileReference; explicitFileType = wrapper.cfbundle; includeInIndex = 0; path = AGPUITests.xctest; sourceTree = BUILT_PRODUCTS_DIR; };
		18801B931D9D462E003D0712 /* AGPUITests.m */ = {isa = PBXFileReference; lastKnownFileType = sourcecode.c.objc; path = AGPUITests.m; sourceTree = "<group>"; };
		18801B951D9D462E003D0712 /* Info.plist */ = {isa = PBXFileReference; lastKnownFileType = text.plist.xml; path = Info.plist; sourceTree = "<group>"; };
		8A3F50FC7E8C466F57EF28B5 /* Pods-AGP.release.xcconfig */ = {isa = PBXFileReference; includeInIndex = 1; lastKnownFileType = text.xcconfig; name = "Pods-AGP.release.xcconfig"; path = "Pods/Target Support Files/Pods-AGP/Pods-AGP.release.xcconfig"; sourceTree = "<group>"; };
		F84114CFA201EFB03CF01E4D /* libPods-AGP.a */ = {isa = PBXFileReference; explicitFileType = archive.ar; includeInIndex = 0; path = "libPods-AGP.a"; sourceTree = BUILT_PRODUCTS_DIR; };
/* End PBXFileReference section */

/* Begin PBXFrameworksBuildPhase section */
		18801B681D9D462E003D0712 /* Frameworks */ = {
			isa = PBXFrameworksBuildPhase;
			buildActionMask = 2147483647;
			files = (
				9AD85A2481AD7EC23263C51F /* libPods-AGP.a in Frameworks */,
			);
			runOnlyForDeploymentPostprocessing = 0;
		};
		18801B811D9D462E003D0712 /* Frameworks */ = {
			isa = PBXFrameworksBuildPhase;
			buildActionMask = 2147483647;
			files = (
			);
			runOnlyForDeploymentPostprocessing = 0;
		};
		18801B8C1D9D462E003D0712 /* Frameworks */ = {
			isa = PBXFrameworksBuildPhase;
			buildActionMask = 2147483647;
			files = (
			);
			runOnlyForDeploymentPostprocessing = 0;
		};
/* End PBXFrameworksBuildPhase section */

/* Begin PBXGroup section */
		18801B621D9D462E003D0712 = {
			isa = PBXGroup;
			children = (
				18801B6D1D9D462E003D0712 /* AGP */,
				18801B871D9D462E003D0712 /* AGPTests */,
				18801B921D9D462E003D0712 /* AGPUITests */,
				18801B6C1D9D462E003D0712 /* Products */,
				85E77C55BC03EA974462C0BF /* Pods */,
				77681298F7AA781644B79361 /* Frameworks */,
			);
			sourceTree = "<group>";
		};
		18801B6C1D9D462E003D0712 /* Products */ = {
			isa = PBXGroup;
			children = (
				18801B6B1D9D462E003D0712 /* AGP.app */,
				18801B841D9D462E003D0712 /* AGPTests.xctest */,
				18801B8F1D9D462E003D0712 /* AGPUITests.xctest */,
			);
			name = Products;
			sourceTree = "<group>";
		};
		18801B6D1D9D462E003D0712 /* AGP */ = {
			isa = PBXGroup;
			children = (
				18801B711D9D462E003D0712 /* AppDelegate.h */,
				18801B721D9D462E003D0712 /* AppDelegate.m */,
				18801B741D9D462E003D0712 /* ViewController.h */,
				18801B751D9D462E003D0712 /* ViewController.m */,
				18801B771D9D462E003D0712 /* Main.storyboard */,
				18801B7A1D9D462E003D0712 /* Assets.xcassets */,
				18801B7C1D9D462E003D0712 /* LaunchScreen.storyboard */,
				18801B7F1D9D462E003D0712 /* Info.plist */,
				18801B6E1D9D462E003D0712 /* Supporting Files */,
			);
			path = AGP;
			sourceTree = "<group>";
		};
		18801B6E1D9D462E003D0712 /* Supporting Files */ = {
			isa = PBXGroup;
			children = (
				18801B6F1D9D462E003D0712 /* main.m */,
			);
			name = "Supporting Files";
			sourceTree = "<group>";
		};
		18801B871D9D462E003D0712 /* AGPTests */ = {
			isa = PBXGroup;
			children = (
				18801B881D9D462E003D0712 /* AGPTests.m */,
				18801B8A1D9D462E003D0712 /* Info.plist */,
			);
			path = AGPTests;
			sourceTree = "<group>";
		};
		18801B921D9D462E003D0712 /* AGPUITests */ = {
			isa = PBXGroup;
			children = (
				18801B931D9D462E003D0712 /* AGPUITests.m */,
				18801B951D9D462E003D0712 /* Info.plist */,
			);
			path = AGPUITests;
			sourceTree = "<group>";
		};
		77681298F7AA781644B79361 /* Frameworks */ = {
			isa = PBXGroup;
			children = (
				F84114CFA201EFB03CF01E4D /* libPods-AGP.a */,
			);
			name = Frameworks;
			sourceTree = "<group>";
		};
		85E77C55BC03EA974462C0BF /* Pods */ = {
			isa = PBXGroup;
			children = (
				183D430FF9FE958EC14004FB /* Pods-AGP.debug.xcconfig */,
				8A3F50FC7E8C466F57EF28B5 /* Pods-AGP.release.xcconfig */,
			);
			name = Pods;
			sourceTree = "<group>";
		};
/* End PBXGroup section */

/* Begin PBXNativeTarget section */
		18801B6A1D9D462E003D0712 /* AGP */ = {
			isa = PBXNativeTarget;
			buildConfigurationList = 18801B981D9D462E003D0712 /* Build configuration list for PBXNativeTarget "AGP" */;
			buildPhases = (
				9D6621F1811F12822C70E172 /* Check Pods Manifest.lock */,
				18801B671D9D462E003D0712 /* Sources */,
				18801B681D9D462E003D0712 /* Frameworks */,
				18801B691D9D462E003D0712 /* Resources */,
				3EB10BC65C0F44B28EE919CE /* Embed Pods Frameworks */,
				201124188730AD4F396C2FFB /* Copy Pods Resources */,
			);
			buildRules = (
			);
			dependencies = (
			);
			name = AGP;
			productName = AGP;
			productReference = 18801B6B1D9D462E003D0712 /* AGP.app */;
			productType = "com.apple.product-type.application";
		};
		18801B831D9D462E003D0712 /* AGPTests */ = {
			isa = PBXNativeTarget;
			buildConfigurationList = 18801B9B1D9D462E003D0712 /* Build configuration list for PBXNativeTarget "AGPTests" */;
			buildPhases = (
				18801B801D9D462E003D0712 /* Sources */,
				18801B811D9D462E003D0712 /* Frameworks */,
				18801B821D9D462E003D0712 /* Resources */,
			);
			buildRules = (
			);
			dependencies = (
				18801B861D9D462E003D0712 /* PBXTargetDependency */,
			);
			name = AGPTests;
			productName = AGPTests;
			productReference = 18801B841D9D462E003D0712 /* AGPTests.xctest */;
			productType = "com.apple.product-type.bundle.unit-test";
		};
		18801B8E1D9D462E003D0712 /* AGPUITests */ = {
			isa = PBXNativeTarget;
			buildConfigurationList = 18801B9E1D9D462E003D0712 /* Build configuration list for PBXNativeTarget "AGPUITests" */;
			buildPhases = (
				18801B8B1D9D462E003D0712 /* Sources */,
				18801B8C1D9D462E003D0712 /* Frameworks */,
				18801B8D1D9D462E003D0712 /* Resources */,
			);
			buildRules = (
			);
			dependencies = (
				18801B911D9D462E003D0712 /* PBXTargetDependency */,
			);
			name = AGPUITests;
			productName = AGPUITests;
			productReference = 18801B8F1D9D462E003D0712 /* AGPUITests.xctest */;
			productType = "com.apple.product-type.bundle.ui-testing";
		};
/* End PBXNativeTarget section */

/* Begin PBXProject section */
		18801B631D9D462E003D0712 /* Project object */ = {
			isa = PBXProject;
			attributes = {
				LastUpgradeCheck = 0800;
				ORGANIZATIONNAME = "单晨曦";
				TargetAttributes = {
					18801B6A1D9D462E003D0712 = {
						CreatedOnToolsVersion = 8.0;
						DevelopmentTeam = 43868ST5M2;
						ProvisioningStyle = Automatic;
					};
					18801B831D9D462E003D0712 = {
						CreatedOnToolsVersion = 8.0;
						DevelopmentTeam = 43868ST5M2;
						ProvisioningStyle = Automatic;
						TestTargetID = 18801B6A1D9D462E003D0712;
					};
					18801B8E1D9D462E003D0712 = {
						CreatedOnToolsVersion = 8.0;
						DevelopmentTeam = 43868ST5M2;
						ProvisioningStyle = Automatic;
						TestTargetID = 18801B6A1D9D462E003D0712;
					};
				};
			};
			buildConfigurationList = 18801B661D9D462E003D0712 /* Build configuration list for PBXProject "AGP" */;
			compatibilityVersion = "Xcode 3.2";
			developmentRegion = English;
			hasScannedForEncodings = 0;
			knownRegions = (
				en,
				Base,
			);
			mainGroup = 18801B621D9D462E003D0712;
			productRefGroup = 18801B6C1D9D462E003D0712 /* Products */;
			projectDirPath = "";
			projectRoot = "";
			targets = (
				18801B6A1D9D462E003D0712 /* AGP */,
				18801B831D9D462E003D0712 /* AGPTests */,
				18801B8E1D9D462E003D0712 /* AGPUITests */,
			);
		};
/* End PBXProject section */

/* Begin PBXResourcesBuildPhase section */
		18801B691D9D462E003D0712 /* Resources */ = {
			isa = PBXResourcesBuildPhase;
			buildActionMask = 2147483647;
			files = (
				18801B7E1D9D462E003D0712 /* LaunchScreen.storyboard in Resources */,
				18801B7B1D9D462E003D0712 /* Assets.xcassets in Resources */,
				18801B791D9D462E003D0712 /* Main.storyboard in Resources */,
			);
			runOnlyForDeploymentPostprocessing = 0;
		};
		18801B821D9D462E003D0712 /* Resources */ = {
			isa = PBXResourcesBuildPhase;
			buildActionMask = 2147483647;
			files = (
			);
			runOnlyForDeploymentPostprocessing = 0;
		};
		18801B8D1D9D462E003D0712 /* Resources */ = {
			isa = PBXResourcesBuildPhase;
			buildActionMask = 2147483647;
			files = (
			);
			runOnlyForDeploymentPostprocessing = 0;
		};
/* End PBXResourcesBuildPhase section */

/* Begin PBXShellScriptBuildPhase section */
		201124188730AD4F396C2FFB /* Copy Pods Resources */ = {
			isa = PBXShellScriptBuildPhase;
			buildActionMask = 2147483647;
			files = (
			);
			inputPaths = (
			);
			name = "Copy Pods Resources";
			outputPaths = (
			);
			runOnlyForDeploymentPostprocessing = 0;
			shellPath = /bin/sh;
			shellScript = "\"${SRCROOT}/Pods/Target Support Files/Pods-AGP/Pods-AGP-resources.sh\"\n";
			showEnvVarsInLog = 0;
		};
		3EB10BC65C0F44B28EE919CE /* Embed Pods Frameworks */ = {
			isa = PBXShellScriptBuildPhase;
			buildActionMask = 2147483647;
			files = (
			);
			inputPaths = (
			);
			name = "Embed Pods Frameworks";
			outputPaths = (
			);
			runOnlyForDeploymentPostprocessing = 0;
			shellPath = /bin/sh;
			shellScript = "\"${SRCROOT}/Pods/Target Support Files/Pods-AGP/Pods-AGP-frameworks.sh\"\n";
			showEnvVarsInLog = 0;
		};
		9D6621F1811F12822C70E172 /* Check Pods Manifest.lock */ = {
			isa = PBXShellScriptBuildPhase;
			buildActionMask = 2147483647;
			files = (
			);
			inputPaths = (
			);
			name = "Check Pods Manifest.lock";
			outputPaths = (
			);
			runOnlyForDeploymentPostprocessing = 0;
			shellPath = /bin/sh;
			shellScript = "diff \"${PODS_ROOT}/../Podfile.lock\" \"${PODS_ROOT}/Manifest.lock\" > /dev/null\nif [[ $? != 0 ]] ; then\n    cat << EOM\nerror: The sandbox is not in sync with the Podfile.lock. Run 'pod install' or update your CocoaPods installation.\nEOM\n    exit 1\nfi\n";
			showEnvVarsInLog = 0;
		};
/* End PBXShellScriptBuildPhase section */

/* Begin PBXSourcesBuildPhase section */
		18801B671D9D462E003D0712 /* Sources */ = {
			isa = PBXSourcesBuildPhase;
			buildActionMask = 2147483647;
			files = (
				18801B761D9D462E003D0712 /* ViewController.m in Sources */,
				18801B731D9D462E003D0712 /* AppDelegate.m in Sources */,
				18801B701D9D462E003D0712 /* main.m in Sources */,
			);
			runOnlyForDeploymentPostprocessing = 0;
		};
		18801B801D9D462E003D0712 /* Sources */ = {
			isa = PBXSourcesBuildPhase;
			buildActionMask = 2147483647;
			files = (
				18801B891D9D462E003D0712 /* AGPTests.m in Sources */,
			);
			runOnlyForDeploymentPostprocessing = 0;
		};
		18801B8B1D9D462E003D0712 /* Sources */ = {
			isa = PBXSourcesBuildPhase;
			buildActionMask = 2147483647;
			files = (
				18801B941D9D462E003D0712 /* AGPUITests.m in Sources */,
			);
			runOnlyForDeploymentPostprocessing = 0;
		};
/* End PBXSourcesBuildPhase section */

/* Begin PBXTargetDependency section */
		18801B861D9D462E003D0712 /* PBXTargetDependency */ = {
			isa = PBXTargetDependency;
			target = 18801B6A1D9D462E003D0712 /* AGP */;
			targetProxy = 18801B851D9D462E003D0712 /* PBXContainerItemProxy */;
		};
		18801B911D9D462E003D0712 /* PBXTargetDependency */ = {
			isa = PBXTargetDependency;
			target = 18801B6A1D9D462E003D0712 /* AGP */;
			targetProxy = 18801B901D9D462E003D0712 /* PBXContainerItemProxy */;
		};
/* End PBXTargetDependency section */

/* Begin PBXVariantGroup section */
		18801B771D9D462E003D0712 /* Main.storyboard */ = {
			isa = PBXVariantGroup;
			children = (
				18801B781D9D462E003D0712 /* Base */,
			);
			name = Main.storyboard;
			sourceTree = "<group>";
		};
		18801B7C1D9D462E003D0712 /* LaunchScreen.storyboard */ = {
			isa = PBXVariantGroup;
			children = (
				18801B7D1D9D462E003D0712 /* Base */,
			);
			name = LaunchScreen.storyboard;
			sourceTree = "<group>";
		};
/* End PBXVariantGroup section */

/* Begin XCBuildConfiguration section */
		18801B961D9D462E003D0712 /* Debug */ = {
			isa = XCBuildConfiguration;
			buildSettings = {
				ALWAYS_SEARCH_USER_PATHS = NO;
				CLANG_ANALYZER_NONNULL = YES;
				CLANG_CXX_LANGUAGE_STANDARD = "gnu++0x";
				CLANG_CXX_LIBRARY = "libc++";
				CLANG_ENABLE_MODULES = YES;
				CLANG_ENABLE_OBJC_ARC = YES;
				CLANG_WARN_BOOL_CONVERSION = YES;
				CLANG_WARN_CONSTANT_CONVERSION = YES;
				CLANG_WARN_DIRECT_OBJC_ISA_USAGE = YES_ERROR;
				CLANG_WARN_DOCUMENTATION_COMMENTS = YES;
				CLANG_WARN_EMPTY_BODY = YES;
				CLANG_WARN_ENUM_CONVERSION = YES;
				CLANG_WARN_INFINITE_RECURSION = YES;
				CLANG_WARN_INT_CONVERSION = YES;
				CLANG_WARN_OBJC_ROOT_CLASS = YES_ERROR;
				CLANG_WARN_SUSPICIOUS_MOVES = YES;
				CLANG_WARN_UNREACHABLE_CODE = YES;
				CLANG_WARN__DUPLICATE_METHOD_MATCH = YES;
				"CODE_SIGN_IDENTITY[sdk=iphoneos*]" = "iPhone Developer";
				COPY_PHASE_STRIP = NO;
				DEBUG_INFORMATION_FORMAT = dwarf;
				ENABLE_STRICT_OBJC_MSGSEND = YES;
				ENABLE_TESTABILITY = YES;
				GCC_C_LANGUAGE_STANDARD = gnu99;
				GCC_DYNAMIC_NO_PIC = NO;
				GCC_NO_COMMON_BLOCKS = YES;
				GCC_OPTIMIZATION_LEVEL = 0;
				GCC_PREPROCESSOR_DEFINITIONS = (
					"DEBUG=1",
					"$(inherited)",
				);
				GCC_WARN_64_TO_32_BIT_CONVERSION = YES;
				GCC_WARN_ABOUT_RETURN_TYPE = YES_ERROR;
				GCC_WARN_UNDECLARED_SELECTOR = YES;
				GCC_WARN_UNINITIALIZED_AUTOS = YES_AGGRESSIVE;
				GCC_WARN_UNUSED_FUNCTION = YES;
				GCC_WARN_UNUSED_VARIABLE = YES;
				IPHONEOS_DEPLOYMENT_TARGET = 10.0;
				MTL_ENABLE_DEBUG_INFO = YES;
				ONLY_ACTIVE_ARCH = YES;
				SDKROOT = iphoneos;
			};
			name = Debug;
		};
		18801B971D9D462E003D0712 /* Release */ = {
			isa = XCBuildConfiguration;
			buildSettings = {
				ALWAYS_SEARCH_USER_PATHS = NO;
				CLANG_ANALYZER_NONNULL = YES;
				CLANG_CXX_LANGUAGE_STANDARD = "gnu++0x";
				CLANG_CXX_LIBRARY = "libc++";
				CLANG_ENABLE_MODULES = YES;
				CLANG_ENABLE_OBJC_ARC = YES;
				CLANG_WARN_BOOL_CONVERSION = YES;
				CLANG_WARN_CONSTANT_CONVERSION = YES;
				CLANG_WARN_DIRECT_OBJC_ISA_USAGE = YES_ERROR;
				CLANG_WARN_DOCUMENTATION_COMMENTS = YES;
				CLANG_WARN_EMPTY_BODY = YES;
				CLANG_WARN_ENUM_CONVERSION = YES;
				CLANG_WARN_INFINITE_RECURSION = YES;
				CLANG_WARN_INT_CONVERSION = YES;
				CLANG_WARN_OBJC_ROOT_CLASS = YES_ERROR;
				CLANG_WARN_SUSPICIOUS_MOVES = YES;
				CLANG_WARN_UNREACHABLE_CODE = YES;
				CLANG_WARN__DUPLICATE_METHOD_MATCH = YES;
				"CODE_SIGN_IDENTITY[sdk=iphoneos*]" = "iPhone Developer";
				COPY_PHASE_STRIP = NO;
				DEBUG_INFORMATION_FORMAT = "dwarf-with-dsym";
				ENABLE_NS_ASSERTIONS = NO;
				ENABLE_STRICT_OBJC_MSGSEND = YES;
				GCC_C_LANGUAGE_STANDARD = gnu99;
				GCC_NO_COMMON_BLOCKS = YES;
				GCC_WARN_64_TO_32_BIT_CONVERSION = YES;
				GCC_WARN_ABOUT_RETURN_TYPE = YES_ERROR;
				GCC_WARN_UNDECLARED_SELECTOR = YES;
				GCC_WARN_UNINITIALIZED_AUTOS = YES_AGGRESSIVE;
				GCC_WARN_UNUSED_FUNCTION = YES;
				GCC_WARN_UNUSED_VARIABLE = YES;
				IPHONEOS_DEPLOYMENT_TARGET = 10.0;
				MTL_ENABLE_DEBUG_INFO = NO;
				SDKROOT = iphoneos;
				VALIDATE_PRODUCT = YES;
			};
			name = Release;
		};
		18801B991D9D462E003D0712 /* Debug */ = {
			isa = XCBuildConfiguration;
			baseConfigurationReference = 183D430FF9FE958EC14004FB /* Pods-AGP.debug.xcconfig */;
			buildSettings = {
				ASSETCATALOG_COMPILER_APPICON_NAME = AppIcon;
				DEVELOPMENT_TEAM = 43868ST5M2;
				INFOPLIST_FILE = AGP/Info.plist;
				IPHONEOS_DEPLOYMENT_TARGET = 8.0;
				LD_RUNPATH_SEARCH_PATHS = "$(inherited) @executable_path/Frameworks";
				PRODUCT_BUNDLE_IDENTIFIER = "com.chenxi-shan.AGP";
				PRODUCT_NAME = "$(TARGET_NAME)";
			};
			name = Debug;
		};
		18801B9A1D9D462E003D0712 /* Release */ = {
			isa = XCBuildConfiguration;
			baseConfigurationReference = 8A3F50FC7E8C466F57EF28B5 /* Pods-AGP.release.xcconfig */;
			buildSettings = {
				ASSETCATALOG_COMPILER_APPICON_NAME = AppIcon;
				DEVELOPMENT_TEAM = 43868ST5M2;
				INFOPLIST_FILE = AGP/Info.plist;
				IPHONEOS_DEPLOYMENT_TARGET = 8.0;
				LD_RUNPATH_SEARCH_PATHS = "$(inherited) @executable_path/Frameworks";
				PRODUCT_BUNDLE_IDENTIFIER = "com.chenxi-shan.AGP";
				PRODUCT_NAME = "$(TARGET_NAME)";
			};
			name = Release;
		};
		18801B9C1D9D462E003D0712 /* Debug */ = {
			isa = XCBuildConfiguration;
			buildSettings = {
				BUNDLE_LOADER = "$(TEST_HOST)";
				DEVELOPMENT_TEAM = 43868ST5M2;
				INFOPLIST_FILE = AGPTests/Info.plist;
				LD_RUNPATH_SEARCH_PATHS = "$(inherited) @executable_path/Frameworks @loader_path/Frameworks";
				PRODUCT_BUNDLE_IDENTIFIER = "com.chenxi-shan.AGPTests";
				PRODUCT_NAME = "$(TARGET_NAME)";
				TEST_HOST = "$(BUILT_PRODUCTS_DIR)/AGP.app/AGP";
			};
			name = Debug;
		};
		18801B9D1D9D462E003D0712 /* Release */ = {
			isa = XCBuildConfiguration;
			buildSettings = {
				BUNDLE_LOADER = "$(TEST_HOST)";
				DEVELOPMENT_TEAM = 43868ST5M2;
				INFOPLIST_FILE = AGPTests/Info.plist;
				LD_RUNPATH_SEARCH_PATHS = "$(inherited) @executable_path/Frameworks @loader_path/Frameworks";
				PRODUCT_BUNDLE_IDENTIFIER = "com.chenxi-shan.AGPTests";
				PRODUCT_NAME = "$(TARGET_NAME)";
				TEST_HOST = "$(BUILT_PRODUCTS_DIR)/AGP.app/AGP";
			};
			name = Release;
		};
		18801B9F1D9D462E003D0712 /* Debug */ = {
			isa = XCBuildConfiguration;
			buildSettings = {
				DEVELOPMENT_TEAM = 43868ST5M2;
				INFOPLIST_FILE = AGPUITests/Info.plist;
				LD_RUNPATH_SEARCH_PATHS = "$(inherited) @executable_path/Frameworks @loader_path/Frameworks";
				PRODUCT_BUNDLE_IDENTIFIER = "com.chenxi-shan.AGPUITests";
				PRODUCT_NAME = "$(TARGET_NAME)";
				TEST_TARGET_NAME = AGP;
			};
			name = Debug;
		};
		18801BA01D9D462E003D0712 /* Release */ = {
			isa = XCBuildConfiguration;
			buildSettings = {
				DEVELOPMENT_TEAM = 43868ST5M2;
				INFOPLIST_FILE = AGPUITests/Info.plist;
				LD_RUNPATH_SEARCH_PATHS = "$(inherited) @executable_path/Frameworks @loader_path/Frameworks";
				PRODUCT_BUNDLE_IDENTIFIER = "com.chenxi-shan.AGPUITests";
				PRODUCT_NAME = "$(TARGET_NAME)";
				TEST_TARGET_NAME = AGP;
			};
			name = Release;
		};
/* End XCBuildConfiguration section */

/* Begin XCConfigurationList section */
		18801B661D9D462E003D0712 /* Build configuration list for PBXProject "AGP" */ = {
			isa = XCConfigurationList;
			buildConfigurations = (
				18801B961D9D462E003D0712 /* Debug */,
				18801B971D9D462E003D0712 /* Release */,
			);
			defaultConfigurationIsVisible = 0;
			defaultConfigurationName = Release;
		};
		18801B981D9D462E003D0712 /* Build configuration list for PBXNativeTarget "AGP" */ = {
			isa = XCConfigurationList;
			buildConfigurations = (
				18801B991D9D462E003D0712 /* Debug */,
				18801B9A1D9D462E003D0712 /* Release */,
			);
			defaultConfigurationIsVisible = 0;
			defaultConfigurationName = Release;
		};
		18801B9B1D9D462E003D0712 /* Build configuration list for PBXNativeTarget "AGPTests" */ = {
			isa = XCConfigurationList;
			buildConfigurations = (
				18801B9C1D9D462E003D0712 /* Debug */,
				18801B9D1D9D462E003D0712 /* Release */,
			);
			defaultConfigurationIsVisible = 0;
			defaultConfigurationName = Release;
		};
		18801B9E1D9D462E003D0712 /* Build configuration list for PBXNativeTarget "AGPUITests" */ = {
			isa = XCConfigurationList;
			buildConfigurations = (
				18801B9F1D9D462E003D0712 /* Debug */,
				18801BA01D9D462E003D0712 /* Release */,
			);
			defaultConfigurationIsVisible = 0;
			defaultConfigurationName = Release;
		};
/* End XCConfigurationList section */
	};
	rootObject = 18801B631D9D462E003D0712 /* Project object */;
}
